
Microsoft Visual Studio Solution File, Format Version 12.00
# Visual Studio Version 17
VisualStudioVersion = 17.2.32526.322
MinimumVisualStudioVersion = 10.0.40219.1
Project("{FAE04EC0-301F-11D3-BF4B-00C04F79EFBC}") = "DatabaseHandler", "DatabaseHandler.csproj", "{2FE1DA1E-3151-4972-9149-81F17D1A4135}"
EndProject
Global
	GlobalSection(SolutionConfigurationPlatforms) = preSolution
		Debug|Any CPU = Debug|Any CPU
		Release|Any CPU = Release|Any CPU
	EndGlobalSection
	GlobalSection(ProjectConfigurationPlatforms) = postSolution
		{2FE1DA1E-3151-4972-9149-81F17D1A4135}.Debug|Any CPU.ActiveCfg = Debug|Any CPU
		{2FE1DA1E-3151-4972-9149-81F17D1A4135}.Debug|Any CPU.Build.0 = Debug|Any CPU
		{2FE1DA1E-3151-4972-9149-81F17D1A4135}.Release|Any CPU.ActiveCfg = Release|Any CPU
		{2FE1DA1E-3151-4972-9149-81F17D1A4135}.Release|Any CPU.Build.0 = Release|Any CPU
	EndGlobalSection
	GlobalSection(SolutionProperties) = preSolution
		HideSolutionNode = FALSE
	EndGlobalSection
	GlobalSection(ExtensibilityGlobals) = postSolution
		SolutionGuid = {460E8DA8-B367-4A81-8D44-86C3DAC781EB}
	EndGlobalSection
EndGlobal
